{
  "name": "concent-loading",
  "version": "1.0.6",
  "lockfileVersion": 1,
  "requires": true,
  "dependencies": {
    "@tencent/concent": {
      "version": "1.2.26",
      "resolved": "http://r.tnpm.oa.com/@tencent/concent/download/@tencent/concent-1.2.26.tgz",
      "integrity": "sha1-eXjumGypNMu/XZ3rWA5I89owL7Y=",
      "requires": {
        "co": "^4.6.0"
      }
    },
    "co": {
      "version": "4.6.0",
      "resolved": "http://r.tnpm.oa.com/co/download/co-4.6.0.tgz",
      "integrity": "sha1-bqa989hTrlTMuOR7+gvz+QMfsYQ="
    }
  }
}
