{
  "name": "concent-plugin-loading",
  "version": "2.0.1",
  "lockfileVersion": 1,
  "requires": true,
  "dependencies": {
    "concent": {
      "version": "2.4.5",
      "resolved": "https://registry.npmjs.org/concent/-/concent-2.4.5.tgz",
      "integrity": "sha512-4i6qf29cahW8wK/xZ9kbZ0KqiO/kiS4j04k0WhiuL9eBfe3WSEaQy8ntKAxDFylqlv41HHoUXMCzJBId4TFmvg=="
    }
  }
}
